
Microsoft Visual Studio Solution File, Format Version 12.00
# Visual Studio Version 17
VisualStudioVersion = 17.0.31903.59
MinimumVisualStudioVersion = 10.0.40219.1
Project("{FAE04EC0-301F-11D3-BF4B-00C04F79EFBC}") = "SeaBattle.API", "SeaBattle.API\SeaBattle.API.csproj", "{F9005788-2172-4ECF-855F-B7BB9B6C8D60}"
EndProject
Project("{FAE04EC0-301F-11D3-BF4B-00C04F79EFBC}") = "SeaBattle.Application", "SeaBattle.Application\SeaBattle.Application.csproj", "{A9D7B83F-9CA7-4327-89E5-59D4B3C3CDBD}"
EndProject
Global
	GlobalSection(SolutionConfigurationPlatforms) = preSolution
		Debug|Any CPU = Debug|Any CPU
		Release|Any CPU = Release|Any CPU
	EndGlobalSection
	GlobalSection(SolutionProperties) = preSolution
		HideSolutionNode = FALSE
	EndGlobalSection
	GlobalSection(ProjectConfigurationPlatforms) = postSolution
		{F9005788-2172-4ECF-855F-B7BB9B6C8D60}.Debug|Any CPU.ActiveCfg = Debug|Any CPU
		{F9005788-2172-4ECF-855F-B7BB9B6C8D60}.Debug|Any CPU.Build.0 = Debug|Any CPU
		{F9005788-2172-4ECF-855F-B7BB9B6C8D60}.Release|Any CPU.ActiveCfg = Release|Any CPU
		{F9005788-2172-4ECF-855F-B7BB9B6C8D60}.Release|Any CPU.Build.0 = Release|Any CPU
		{A9D7B83F-9CA7-4327-89E5-59D4B3C3CDBD}.Debug|Any CPU.ActiveCfg = Debug|Any CPU
		{A9D7B83F-9CA7-4327-89E5-59D4B3C3CDBD}.Debug|Any CPU.Build.0 = Debug|Any CPU
		{A9D7B83F-9CA7-4327-89E5-59D4B3C3CDBD}.Release|Any CPU.ActiveCfg = Release|Any CPU
		{A9D7B83F-9CA7-4327-89E5-59D4B3C3CDBD}.Release|Any CPU.Build.0 = Release|Any CPU
	EndGlobalSection
EndGlobal
